
Microsoft Visual Studio Solution File, Format Version 12.00
# Visual Studio Version 16
VisualStudioVersion = 25.0.1704.0
MinimumVisualStudioVersion = 10.0.40219.1
Project("{FAE04EC0-301F-11D3-BF4B-00C04F79EFBC}") = "App", "App\App.csproj", "{070FA62A-DEFA-4CBF-8CEB-6B1020BD4CAE}"
EndProject
Project("{FAE04EC0-301F-11D3-BF4B-00C04F79EFBC}") = "Api", "Api\Api.csproj", "{44684922-81FB-4FA0-BB5D-F926665A91F4}"
EndProject
Global
	GlobalSection(SolutionConfigurationPlatforms) = preSolution
		Debug|Any CPU = Debug|Any CPU
		Release|Any CPU = Release|Any CPU
	EndGlobalSection
	GlobalSection(ProjectConfigurationPlatforms) = postSolution
		{070FA62A-DEFA-4CBF-8CEB-6B1020BD4CAE}.Debug|Any CPU.ActiveCfg = Debug|Any CPU
		{070FA62A-DEFA-4CBF-8CEB-6B1020BD4CAE}.Debug|Any CPU.Build.0 = Debug|Any CPU
		{070FA62A-DEFA-4CBF-8CEB-6B1020BD4CAE}.Release|Any CPU.ActiveCfg = Release|Any CPU
		{070FA62A-DEFA-4CBF-8CEB-6B1020BD4CAE}.Release|Any CPU.Build.0 = Release|Any CPU
		{44684922-81FB-4FA0-BB5D-F926665A91F4}.Debug|Any CPU.ActiveCfg = Debug|Any CPU
		{44684922-81FB-4FA0-BB5D-F926665A91F4}.Debug|Any CPU.Build.0 = Debug|Any CPU
		{44684922-81FB-4FA0-BB5D-F926665A91F4}.Release|Any CPU.ActiveCfg = Release|Any CPU
		{44684922-81FB-4FA0-BB5D-F926665A91F4}.Release|Any CPU.Build.0 = Release|Any CPU
	EndGlobalSection
	GlobalSection(SolutionProperties) = preSolution
		HideSolutionNode = FALSE
	EndGlobalSection
	GlobalSection(ExtensibilityGlobals) = postSolution
		SolutionGuid = {3C0540DF-63D9-4619-9EF9-778EDCDB6EEE}
	EndGlobalSection
EndGlobal
